
Microsoft Visual Studio Solution File, Format Version 12.00
# Visual Studio Version 17
VisualStudioVersion = 17.11.35208.52
MinimumVisualStudioVersion = 10.0.40219.1
Project("{FAE04EC0-301F-11D3-BF4B-00C04F79EFBC}") = "week4-Practical", "week4-Practical\week4-Practical.csproj", "{2C399351-6E09-4934-A3AD-17F625BA1B87}"
EndProject
Global
	GlobalSection(SolutionConfigurationPlatforms) = preSolution
		Debug|Any CPU = Debug|Any CPU
		Release|Any CPU = Release|Any CPU
	EndGlobalSection
	GlobalSection(ProjectConfigurationPlatforms) = postSolution
		{2C399351-6E09-4934-A3AD-17F625BA1B87}.Debug|Any CPU.ActiveCfg = Debug|Any CPU
		{2C399351-6E09-4934-A3AD-17F625BA1B87}.Debug|Any CPU.Build.0 = Debug|Any CPU
		{2C399351-6E09-4934-A3AD-17F625BA1B87}.Release|Any CPU.ActiveCfg = Release|Any CPU
		{2C399351-6E09-4934-A3AD-17F625BA1B87}.Release|Any CPU.Build.0 = Release|Any CPU
	EndGlobalSection
	GlobalSection(SolutionProperties) = preSolution
		HideSolutionNode = FALSE
	EndGlobalSection
	GlobalSection(ExtensibilityGlobals) = postSolution
		SolutionGuid = {CB54C785-3230-49F9-A446-F90CFC69B421}
	EndGlobalSection
EndGlobal
